
Microsoft Visual Studio Solution File, Format Version 12.00
# Visual Studio 15
VisualStudioVersion = 15.0.28010.2003
MinimumVisualStudioVersion = 10.0.40219.1
Project("{FAE04EC0-301F-11D3-BF4B-00C04F79EFBC}") = "Foop202CA2", "Foop202CA2\Foop202CA2.csproj", "{55E8709B-C223-4352-8CC6-1244B4C0E42D}"
EndProject
Global
	GlobalSection(SolutionConfigurationPlatforms) = preSolution
		Debug|Any CPU = Debug|Any CPU
		Release|Any CPU = Release|Any CPU
	EndGlobalSection
	GlobalSection(ProjectConfigurationPlatforms) = postSolution
		{55E8709B-C223-4352-8CC6-1244B4C0E42D}.Debug|Any CPU.ActiveCfg = Debug|Any CPU
		{55E8709B-C223-4352-8CC6-1244B4C0E42D}.Debug|Any CPU.Build.0 = Debug|Any CPU
		{55E8709B-C223-4352-8CC6-1244B4C0E42D}.Release|Any CPU.ActiveCfg = Release|Any CPU
		{55E8709B-C223-4352-8CC6-1244B4C0E42D}.Release|Any CPU.Build.0 = Release|Any CPU
	EndGlobalSection
	GlobalSection(SolutionProperties) = preSolution
		HideSolutionNode = FALSE
	EndGlobalSection
	GlobalSection(ExtensibilityGlobals) = postSolution
		SolutionGuid = {7B86F6FB-F9D0-42BE-A8E9-63DB99C17CFA}
	EndGlobalSection
EndGlobal
